PODS:
  - device_info_plus (0.0.1):
    - FlutterMacOS
  - FlutterMacOS (1.0.0)
  - pdfx (1.0.0):
    - FlutterMacOS
  - printing (1.0.0):
    - FlutterMacOS

DEPENDENCIES:
  - device_info_plus (from `Flutter/ephemeral/.symlinks/plugins/device_info_plus/macos`)
  - FlutterMacOS (from `Flutter/ephemeral`)
  - pdfx (from `Flutter/ephemeral/.symlinks/plugins/pdfx/macos`)
  - printing (from `Flutter/ephemeral/.symlinks/plugins/printing/macos`)

EXTERNAL SOURCES:
  device_info_plus:
    :path: Flutter/ephemeral/.symlinks/plugins/device_info_plus/macos
  FlutterMacOS:
    :path: Flutter/ephemeral
  pdfx:
    :path: Flutter/ephemeral/.symlinks/plugins/pdfx/macos
  printing:
    :path: Flutter/ephemeral/.symlinks/plugins/printing/macos

SPEC CHECKSUMS:
  device_info_plus: b0fafc687fb901e2af612763340f1b0d4352f8e5
  FlutterMacOS: d0db08ddef1a9af05a5ec4b724367152bb0500b1
  pdfx: 1e79f57f7a6ce2f4a4c30f21fa54d3dc82441b51
  printing: c4cf83c78fd684f9bc318e6aadc18972aa48f617

PODFILE CHECKSUM: 54d867c82ac51cbd61b565781b9fada492027009

COCOAPODS: 1.16.2
